// !$*UTF8*$!
{
	archiveVersion = 1;
	classes = {
	};
	objectVersion = 50;
	objects = {

/* Begin PBXBuildFile section */
		9523164025A2A965006A8100 /* MemorizeApp.swift in Sources */ = {isa = PBXBuildFile; fileRef = 9523163F25A2A965006A8100 /* MemorizeApp.swift */; };
		9523164225A2A965006A8100 /* EmojiMemoryGameView.swift in Sources */ = {isa = PBXBuildFile; fileRef = 9523164125A2A965006A8100 /* EmojiMemoryGameView.swift */; };
		9523164425A2A966006A8100 /* Assets.xcassets in Resources */ = {isa = PBXBuildFile; fileRef = 9523164325A2A966006A8100 /* Assets.xcassets */; };
		9523164725A2A966006A8100 /* Preview Assets.xcassets in Resources */ = {isa = PBXBuildFile; fileRef = 9523164625A2A966006A8100 /* Preview Assets.xcassets */; };
		9523165225A2A966006A8100 /* MemorizeTests.swift in Sources */ = {isa = PBXBuildFile; fileRef = 9523165125A2A966006A8100 /* MemorizeTests.swift */; };
		9523165D25A2A966006A8100 /* MemorizeUITests.swift in Sources */ = {isa = PBXBuildFile; fileRef = 9523165C25A2A966006A8100 /* MemorizeUITests.swift */; };
		9523167125A2BDFD006A8100 /* CardView.swift in Sources */ = {isa = PBXBuildFile; fileRef = 9523167025A2BDFD006A8100 /* CardView.swift */; };
		953AFD0D25CA5C290063EB73 /* Pie.swift in Sources */ = {isa = PBXBuildFile; fileRef = 953AFD0C25CA5C290063EB73 /* Pie.swift */; };
		953AFD1225CA67D40063EB73 /* Cardify.swift in Sources */ = {isa = PBXBuildFile; fileRef = 953AFD1125CA67D40063EB73 /* Cardify.swift */; };
		95C7E6DA25A2C1FF0007836C /* MemoryGame.swift in Sources */ = {isa = PBXBuildFile; fileRef = 95C7E6D925A2C1FF0007836C /* MemoryGame.swift */; };
		95C7E6E225A2C33C0007836C /* EmojiMemoryGame.swift in Sources */ = {isa = PBXBuildFile; fileRef = 95C7E6E125A2C33C0007836C /* EmojiMemoryGame.swift */; };
		95F4824325BE57110065980E /* Grid.swift in Sources */ = {isa = PBXBuildFile; fileRef = 95F4824225BE57110065980E /* Grid.swift */; };
		95F4824825BE5B0D0065980E /* GridLayout.swift in Sources */ = {isa = PBXBuildFile; fileRef = 95F4824725BE5B0D0065980E /* GridLayout.swift */; };
		95F4824D25BE60960065980E /* Array+Indentifiable.swift in Sources */ = {isa = PBXBuildFile; fileRef = 95F4824C25BE60960065980E /* Array+Indentifiable.swift */; };
		95F4825225BE87120065980E /* Array+Only.swift in Sources */ = {isa = PBXBuildFile; fileRef = 95F4825125BE87120065980E /* Array+Only.swift */; };
		95F4825725C0A6E70065980E /* Theme.swift in Sources */ = {isa = PBXBuildFile; fileRef = 95F4825625C0A6E70065980E /* Theme.swift */; };
/* End PBXBuildFile section */

/* Begin PBXContainerItemProxy section */
		9523164E25A2A966006A8100 /* PBXContainerItemProxy */ = {
			isa = PBXContainerItemProxy;
			containerPortal = 9523163425A2A964006A8100 /* Project object */;
			proxyType = 1;
			remoteGlobalIDString = 9523163B25A2A964006A8100;
			remoteInfo = Memorize;
		};
		9523165925A2A966006A8100 /* PBXContainerItemProxy */ = {
			isa = PBXContainerItemProxy;
			containerPortal = 9523163425A2A964006A8100 /* Project object */;
			proxyType = 1;
			remoteGlobalIDString = 9523163B25A2A964006A8100;
			remoteInfo = Memorize;
		};
/* End PBXContainerItemProxy section */

/* Begin PBXFileReference section */
		9523163C25A2A964006A8100 /* Memorize.app */ = {isa = PBXFileReference; explicitFileType = wrapper.application; includeInIndex = 0; path = Memorize.app; sourceTree = BUILT_PRODUCTS_DIR; };
		9523163F25A2A965006A8100 /* MemorizeApp.swift */ = {isa = PBXFileReference; lastKnownFileType = sourcecode.swift; path = MemorizeApp.swift; sourceTree = "<group>"; };
		9523164125A2A965006A8100 /* EmojiMemoryGameView.swift */ = {isa = PBXFileReference; lastKnownFileType = sourcecode.swift; path = EmojiMemoryGameView.swift; sourceTree = "<group>"; };
		9523164325A2A966006A8100 /* Assets.xcassets */ = {isa = PBXFileReference; lastKnownFileType = folder.assetcatalog; path = Assets.xcassets; sourceTree = "<group>"; };
		9523164625A2A966006A8100 /* Preview Assets.xcassets */ = {isa = PBXFileReference; lastKnownFileType = folder.assetcatalog; path = "Preview Assets.xcassets"; sourceTree = "<group>"; };
		9523164825A2A966006A8100 /* Info.plist */ = {isa = PBXFileReference; lastKnownFileType = text.plist.xml; path = Info.plist; sourceTree = "<group>"; };
		9523164D25A2A966006A8100 /* MemorizeTests.xctest */ = {isa = PBXFileReference; explicitFileType = wrapper.cfbundle; includeInIndex = 0; path = MemorizeTests.xctest; sourceTree = BUILT_PRODUCTS_DIR; };
		9523165125A2A966006A8100 /* MemorizeTests.swift */ = {isa = PBXFileReference; lastKnownFileType = sourcecode.swift; path = MemorizeTests.swift; sourceTree = "<group>"; };
		9523165325A2A966006A8100 /* Info.plist */ = {isa = PBXFileReference; lastKnownFileType = text.plist.xml; path = Info.plist; sourceTree = "<group>"; };
		9523165825A2A966006A8100 /* MemorizeUITests.xctest */ = {isa = PBXFileReference; explicitFileType = wrapper.cfbundle; includeInIndex = 0; path = MemorizeUITests.xctest; sourceTree = BUILT_PRODUCTS_DIR; };
		9523165C25A2A966006A8100 /* MemorizeUITests.swift */ = {isa = PBXFileReference; lastKnownFileType = sourcecode.swift; path = MemorizeUITests.swift; sourceTree = "<group>"; };
		9523165E25A2A966006A8100 /* Info.plist */ = {isa = PBXFileReference; lastKnownFileType = text.plist.xml; path = Info.plist; sourceTree = "<group>"; };
		9523167025A2BDFD006A8100 /* CardView.swift */ = {isa = PBXFileReference; lastKnownFileType = sourcecode.swift; path = CardView.swift; sourceTree = "<group>"; };
		953AFD0C25CA5C290063EB73 /* Pie.swift */ = {isa = PBXFileReference; lastKnownFileType = sourcecode.swift; path = Pie.swift; sourceTree = "<group>"; };
		953AFD1125CA67D40063EB73 /* Cardify.swift */ = {isa = PBXFileReference; lastKnownFileType = sourcecode.swift; name = Cardify.swift; path = Memorize/Cardify.swift; sourceTree = SOURCE_ROOT; };
		95C7E6D925A2C1FF0007836C /* MemoryGame.swift */ = {isa = PBXFileReference; lastKnownFileType = sourcecode.swift; path = MemoryGame.swift; sourceTree = "<group>"; };
		95C7E6E125A2C33C0007836C /* EmojiMemoryGame.swift */ = {isa = PBXFileReference; lastKnownFileType = sourcecode.swift; path = EmojiMemoryGame.swift; sourceTree = "<group>"; };
		95F4824225BE57110065980E /* Grid.swift */ = {isa = PBXFileReference; lastKnownFileType = sourcecode.swift; path = Grid.swift; sourceTree = "<group>"; };
		95F4824725BE5B0D0065980E /* GridLayout.swift */ = {isa = PBXFileReference; fileEncoding = 4; lastKnownFileType = sourcecode.swift; path = GridLayout.swift; sourceTree = "<group>"; };
		95F4824C25BE60960065980E /* Array+Indentifiable.swift */ = {isa = PBXFileReference; lastKnownFileType = sourcecode.swift; path = "Array+Indentifiable.swift"; sourceTree = "<group>"; };
		95F4825125BE87120065980E /* Array+Only.swift */ = {isa = PBXFileReference; lastKnownFileType = sourcecode.swift; path = "Array+Only.swift"; sourceTree = "<group>"; };
		95F4825625C0A6E70065980E /* Theme.swift */ = {isa = PBXFileReference; lastKnownFileType = sourcecode.swift; path = Theme.swift; sourceTree = "<group>"; };
/* End PBXFileReference section */

/* Begin PBXFrameworksBuildPhase section */
		9523163925A2A964006A8100 /* Frameworks */ = {
			isa = PBXFrameworksBuildPhase;
			buildActionMask = 2147483647;
			files = (
			);
			runOnlyForDeploymentPostprocessing = 0;
		};
		9523164A25A2A966006A8100 /* Frameworks */ = {
			isa = PBXFrameworksBuildPhase;
			buildActionMask = 2147483647;
			files = (
			);
			runOnlyForDeploymentPostprocessing = 0;
		};
		9523165525A2A966006A8100 /* Frameworks */ = {
			isa = PBXFrameworksBuildPhase;
			buildActionMask = 2147483647;
			files = (
			);
			runOnlyForDeploymentPostprocessing = 0;
		};
/* End PBXFrameworksBuildPhase section */

/* Begin PBXGroup section */
		9523163325A2A964006A8100 = {
			isa = PBXGroup;
			children = (
				9523163E25A2A964006A8100 /* Memorize */,
				9523165025A2A966006A8100 /* MemorizeTests */,
				9523165B25A2A966006A8100 /* MemorizeUITests */,
				9523163D25A2A964006A8100 /* Products */,
			);
			sourceTree = "<group>";
		};
		9523163D25A2A964006A8100 /* Products */ = {
			isa = PBXGroup;
			children = (
				9523163C25A2A964006A8100 /* Memorize.app */,
				9523164D25A2A966006A8100 /* MemorizeTests.xctest */,
				9523165825A2A966006A8100 /* MemorizeUITests.xctest */,
			);
			name = Products;
			sourceTree = "<group>";
		};
		9523163E25A2A964006A8100 /* Memorize */ = {
			isa = PBXGroup;
			children = (
				954A967225C0A9D5001A9BBA /* Extensions */,
				95C7E6D825A2C1ED0007836C /* Models */,
				9523166F25A2BDF1006A8100 /* Views */,
				9523163F25A2A965006A8100 /* MemorizeApp.swift */,
				9523164125A2A965006A8100 /* EmojiMemoryGameView.swift */,
				9523164325A2A966006A8100 /* Assets.xcassets */,
				9523164825A2A966006A8100 /* Info.plist */,
				9523164525A2A966006A8100 /* Preview Content */,
			);
			path = Memorize;
			sourceTree = "<group>";
		};
		9523164525A2A966006A8100 /* Preview Content */ = {
			isa = PBXGroup;
			children = (
				9523164625A2A966006A8100 /* Preview Assets.xcassets */,
			);
			path = "Preview Content";
			sourceTree = "<group>";
		};
		9523165025A2A966006A8100 /* MemorizeTests */ = {
			isa = PBXGroup;
			children = (
				9523165125A2A966006A8100 /* MemorizeTests.swift */,
				9523165325A2A966006A8100 /* Info.plist */,
			);
			path = MemorizeTests;
			sourceTree = "<group>";
		};
		9523165B25A2A966006A8100 /* MemorizeUITests */ = {
			isa = PBXGroup;
			children = (
				9523165C25A2A966006A8100 /* MemorizeUITests.swift */,
				9523165E25A2A966006A8100 /* Info.plist */,
			);
			path = MemorizeUITests;
			sourceTree = "<group>";
		};
		9523166F25A2BDF1006A8100 /* Views */ = {
			isa = PBXGroup;
			children = (
				95F4824725BE5B0D0065980E /* GridLayout.swift */,
				9523167025A2BDFD006A8100 /* CardView.swift */,
				953AFD1125CA67D40063EB73 /* Cardify.swift */,
				953AFD0C25CA5C290063EB73 /* Pie.swift */,
				95F4824225BE57110065980E /* Grid.swift */,
			);
			path = Views;
			sourceTree = "<group>";
		};
		954A967225C0A9D5001A9BBA /* Extensions */ = {
			isa = PBXGroup;
			children = (
				95F4825125BE87120065980E /* Array+Only.swift */,
				95F4824C25BE60960065980E /* Array+Indentifiable.swift */,
			);
			path = Extensions;
			sourceTree = "<group>";
		};
		95C7E6D825A2C1ED0007836C /* Models */ = {
			isa = PBXGroup;
			children = (
				95C7E6D925A2C1FF0007836C /* MemoryGame.swift */,
				95C7E6E125A2C33C0007836C /* EmojiMemoryGame.swift */,
				95F4825625C0A6E70065980E /* Theme.swift */,
			);
			path = Models;
			sourceTree = "<group>";
		};
/* End PBXGroup section */

/* Begin PBXNativeTarget section */
		9523163B25A2A964006A8100 /* Memorize */ = {
			isa = PBXNativeTarget;
			buildConfigurationList = 9523166125A2A966006A8100 /* Build configuration list for PBXNativeTarget "Memorize" */;
			buildPhases = (
				9523163825A2A964006A8100 /* Sources */,
				9523163925A2A964006A8100 /* Frameworks */,
				9523163A25A2A964006A8100 /* Resources */,
			);
			buildRules = (
			);
			dependencies = (
			);
			name = Memorize;
			productName = Memorize;
			productReference = 9523163C25A2A964006A8100 /* Memorize.app */;
			productType = "com.apple.product-type.application";
		};
		9523164C25A2A966006A8100 /* MemorizeTests */ = {
			isa = PBXNativeTarget;
			buildConfigurationList = 9523166425A2A966006A8100 /* Build configuration list for PBXNativeTarget "MemorizeTests" */;
			buildPhases = (
				9523164925A2A966006A8100 /* Sources */,
				9523164A25A2A966006A8100 /* Frameworks */,
				9523164B25A2A966006A8100 /* Resources */,
			);
			buildRules = (
			);
			dependencies = (
				9523164F25A2A966006A8100 /* PBXTargetDependency */,
			);
			name = MemorizeTests;
			productName = MemorizeTests;
			productReference = 9523164D25A2A966006A8100 /* MemorizeTests.xctest */;
			productType = "com.apple.product-type.bundle.unit-test";
		};
		9523165725A2A966006A8100 /* MemorizeUITests */ = {
			isa = PBXNativeTarget;
			buildConfigurationList = 9523166725A2A966006A8100 /* Build configuration list for PBXNativeTarget "MemorizeUITests" */;
			buildPhases = (
				9523165425A2A966006A8100 /* Sources */,
				9523165525A2A966006A8100 /* Frameworks */,
				9523165625A2A966006A8100 /* Resources */,
			);
			buildRules = (
			);
			dependencies = (
				9523165A25A2A966006A8100 /* PBXTargetDependency */,
			);
			name = MemorizeUITests;
			productName = MemorizeUITests;
			productReference = 9523165825A2A966006A8100 /* MemorizeUITests.xctest */;
			productType = "com.apple.product-type.bundle.ui-testing";
		};
/* End PBXNativeTarget section */

/* Begin PBXProject section */
		9523163425A2A964006A8100 /* Project object */ = {
			isa = PBXProject;
			attributes = {
				LastSwiftUpdateCheck = 1230;
				LastUpgradeCheck = 1230;
				TargetAttributes = {
					9523163B25A2A964006A8100 = {
						CreatedOnToolsVersion = 12.3;
					};
					9523164C25A2A966006A8100 = {
						CreatedOnToolsVersion = 12.3;
						TestTargetID = 9523163B25A2A964006A8100;
					};
					9523165725A2A966006A8100 = {
						CreatedOnToolsVersion = 12.3;
						TestTargetID = 9523163B25A2A964006A8100;
					};
				};
			};
			buildConfigurationList = 9523163725A2A964006A8100 /* Build configuration list for PBXProject "Memorize" */;
			compatibilityVersion = "Xcode 9.3";
			developmentRegion = en;
			hasScannedForEncodings = 0;
			knownRegions = (
				en,
				Base,
			);
			mainGroup = 9523163325A2A964006A8100;
			productRefGroup = 9523163D25A2A964006A8100 /* Products */;
			projectDirPath = "";
			projectRoot = "";
			targets = (
				9523163B25A2A964006A8100 /* Memorize */,
				9523164C25A2A966006A8100 /* MemorizeTests */,
				9523165725A2A966006A8100 /* MemorizeUITests */,
			);
		};
/* End PBXProject section */

/* Begin PBXResourcesBuildPhase section */
		9523163A25A2A964006A8100 /* Resources */ = {
			isa = PBXResourcesBuildPhase;
			buildActionMask = 2147483647;
			files = (
				9523164725A2A966006A8100 /* Preview Assets.xcassets in Resources */,
				9523164425A2A966006A8100 /* Assets.xcassets in Resources */,
			);
			runOnlyForDeploymentPostprocessing = 0;
		};
		9523164B25A2A966006A8100 /* Resources */ = {
			isa = PBXResourcesBuildPhase;
			buildActionMask = 2147483647;
			files = (
			);
			runOnlyForDeploymentPostprocessing = 0;
		};
		9523165625A2A966006A8100 /* Resources */ = {
			isa = PBXResourcesBuildPhase;
			buildActionMask = 2147483647;
			files = (
			);
			runOnlyForDeploymentPostprocessing = 0;
		};
/* End PBXResourcesBuildPhase section */

/* Begin PBXSourcesBuildPhase section */
		9523163825A2A964006A8100 /* Sources */ = {
			isa = PBXSourcesBuildPhase;
			buildActionMask = 2147483647;
			files = (
				9523164225A2A965006A8100 /* EmojiMemoryGameView.swift in Sources */,
				9523164025A2A965006A8100 /* MemorizeApp.swift in Sources */,
				95C7E6DA25A2C1FF0007836C /* MemoryGame.swift in Sources */,
				95F4825225BE87120065980E /* Array+Only.swift in Sources */,
				95F4825725C0A6E70065980E /* Theme.swift in Sources */,
				9523167125A2BDFD006A8100 /* CardView.swift in Sources */,
				953AFD1225CA67D40063EB73 /* Cardify.swift in Sources */,
				95F4824D25BE60960065980E /* Array+Indentifiable.swift in Sources */,
				95C7E6E225A2C33C0007836C /* EmojiMemoryGame.swift in Sources */,
				953AFD0D25CA5C290063EB73 /* Pie.swift in Sources */,
				95F4824825BE5B0D0065980E /* GridLayout.swift in Sources */,
				95F4824325BE57110065980E /* Grid.swift in Sources */,
			);
			runOnlyForDeploymentPostprocessing = 0;
		};
		9523164925A2A966006A8100 /* Sources */ = {
			isa = PBXSourcesBuildPhase;
			buildActionMask = 2147483647;
			files = (
				9523165225A2A966006A8100 /* MemorizeTests.swift in Sources */,
			);
			runOnlyForDeploymentPostprocessing = 0;
		};
		9523165425A2A966006A8100 /* Sources */ = {
			isa = PBXSourcesBuildPhase;
			buildActionMask = 2147483647;
			files = (
				9523165D25A2A966006A8100 /* MemorizeUITests.swift in Sources */,
			);
			runOnlyForDeploymentPostprocessing = 0;
		};
/* End PBXSourcesBuildPhase section */

/* Begin PBXTargetDependency section */
		9523164F25A2A966006A8100 /* PBXTargetDependency */ = {
			isa = PBXTargetDependency;
			target = 9523163B25A2A964006A8100 /* Memorize */;
			targetProxy = 9523164E25A2A966006A8100 /* PBXContainerItemProxy */;
		};
		9523165A25A2A966006A8100 /* PBXTargetDependency */ = {
			isa = PBXTargetDependency;
			target = 9523163B25A2A964006A8100 /* Memorize */;
			targetProxy = 9523165925A2A966006A8100 /* PBXContainerItemProxy */;
		};
/* End PBXTargetDependency section */

/* Begin XCBuildConfiguration section */
		9523165F25A2A966006A8100 /* Debug */ = {
			isa = XCBuildConfiguration;
			buildSettings = {
				ALWAYS_SEARCH_USER_PATHS = NO;
				CLANG_ANALYZER_NONNULL = YES;
				CLANG_ANALYZER_NUMBER_OBJECT_CONVERSION = YES_AGGRESSIVE;
				CLANG_CXX_LANGUAGE_STANDARD = "gnu++14";
				CLANG_CXX_LIBRARY = "libc++";
				CLANG_ENABLE_MODULES = YES;
				CLANG_ENABLE_OBJC_ARC = YES;
				CLANG_ENABLE_OBJC_WEAK = YES;
				CLANG_WARN_BLOCK_CAPTURE_AUTORELEASING = YES;
				CLANG_WARN_BOOL_CONVERSION = YES;
				CLANG_WARN_COMMA = YES;
				CLANG_WARN_CONSTANT_CONVERSION = YES;
				CLANG_WARN_DEPRECATED_OBJC_IMPLEMENTATIONS = YES;
				CLANG_WARN_DIRECT_OBJC_ISA_USAGE = YES_ERROR;
				CLANG_WARN_DOCUMENTATION_COMMENTS = YES;
				CLANG_WARN_EMPTY_BODY = YES;
				CLANG_WARN_ENUM_CONVERSION = YES;
				CLANG_WARN_INFINITE_RECURSION = YES;
				CLANG_WARN_INT_CONVERSION = YES;
				CLANG_WARN_NON_LITERAL_NULL_CONVERSION = YES;
				CLANG_WARN_OBJC_IMPLICIT_RETAIN_SELF = YES;
				CLANG_WARN_OBJC_LITERAL_CONVERSION = YES;
				CLANG_WARN_OBJC_ROOT_CLASS = YES_ERROR;
				CLANG_WARN_QUOTED_INCLUDE_IN_FRAMEWORK_HEADER = YES;
				CLANG_WARN_RANGE_LOOP_ANALYSIS = YES;
				CLANG_WARN_STRICT_PROTOTYPES = YES;
				CLANG_WARN_SUSPICIOUS_MOVE = YES;
				CLANG_WARN_UNGUARDED_AVAILABILITY = YES_AGGRESSIVE;
				CLANG_WARN_UNREACHABLE_CODE = YES;
				CLANG_WARN__DUPLICATE_METHOD_MATCH = YES;
				COPY_PHASE_STRIP = NO;
				DEBUG_INFORMATION_FORMAT = dwarf;
				ENABLE_STRICT_OBJC_MSGSEND = YES;
				ENABLE_TESTABILITY = YES;
				GCC_C_LANGUAGE_STANDARD = gnu11;
				GCC_DYNAMIC_NO_PIC = NO;
				GCC_NO_COMMON_BLOCKS = YES;
				GCC_OPTIMIZATION_LEVEL = 0;
				GCC_PREPROCESSOR_DEFINITIONS = (
					"DEBUG=1",
					"$(inherited)",
				);
				GCC_WARN_64_TO_32_BIT_CONVERSION = YES;
				GCC_WARN_ABOUT_RETURN_TYPE = YES_ERROR;
				GCC_WARN_UNDECLARED_SELECTOR = YES;
				GCC_WARN_UNINITIALIZED_AUTOS = YES_AGGRESSIVE;
				GCC_WARN_UNUSED_FUNCTION = YES;
				GCC_WARN_UNUSED_VARIABLE = YES;
				IPHONEOS_DEPLOYMENT_TARGET = 14.3;
				MTL_ENABLE_DEBUG_INFO = INCLUDE_SOURCE;
				MTL_FAST_MATH = YES;
				ONLY_ACTIVE_ARCH = YES;
				SDKROOT = iphoneos;
				SWIFT_ACTIVE_COMPILATION_CONDITIONS = DEBUG;
				SWIFT_OPTIMIZATION_LEVEL = "-Onone";
			};
			name = Debug;
		};
		9523166025A2A966006A8100 /* Release */ = {
			isa = XCBuildConfiguration;
			buildSettings = {
				ALWAYS_SEARCH_USER_PATHS = NO;
				CLANG_ANALYZER_NONNULL = YES;
				CLANG_ANALYZER_NUMBER_OBJECT_CONVERSION = YES_AGGRESSIVE;
				CLANG_CXX_LANGUAGE_STANDARD = "gnu++14";
				CLANG_CXX_LIBRARY = "libc++";
				CLANG_ENABLE_MODULES = YES;
				CLANG_ENABLE_OBJC_ARC = YES;
				CLANG_ENABLE_OBJC_WEAK = YES;
				CLANG_WARN_BLOCK_CAPTURE_AUTORELEASING = YES;
				CLANG_WARN_BOOL_CONVERSION = YES;
				CLANG_WARN_COMMA = YES;
				CLANG_WARN_CONSTANT_CONVERSION = YES;
				CLANG_WARN_DEPRECATED_OBJC_IMPLEMENTATIONS = YES;
				CLANG_WARN_DIRECT_OBJC_ISA_USAGE = YES_ERROR;
				CLANG_WARN_DOCUMENTATION_COMMENTS = YES;
				CLANG_WARN_EMPTY_BODY = YES;
				CLANG_WARN_ENUM_CONVERSION = YES;
				CLANG_WARN_INFINITE_RECURSION = YES;
				CLANG_WARN_INT_CONVERSION = YES;
				CLANG_WARN_NON_LITERAL_NULL_CONVERSION = YES;
				CLANG_WARN_OBJC_IMPLICIT_RETAIN_SELF = YES;
				CLANG_WARN_OBJC_LITERAL_CONVERSION = YES;
				CLANG_WARN_OBJC_ROOT_CLASS = YES_ERROR;
				CLANG_WARN_QUOTED_INCLUDE_IN_FRAMEWORK_HEADER = YES;
				CLANG_WARN_RANGE_LOOP_ANALYSIS = YES;
				CLANG_WARN_STRICT_PROTOTYPES = YES;
				CLANG_WARN_SUSPICIOUS_MOVE = YES;
				CLANG_WARN_UNGUARDED_AVAILABILITY = YES_AGGRESSIVE;
				CLANG_WARN_UNREACHABLE_CODE = YES;
				CLANG_WARN__DUPLICATE_METHOD_MATCH = YES;
				COPY_PHASE_STRIP = NO;
				DEBUG_INFORMATION_FORMAT = "dwarf-with-dsym";
				ENABLE_NS_ASSERTIONS = NO;
				ENABLE_STRICT_OBJC_MSGSEND = YES;
				GCC_C_LANGUAGE_STANDARD = gnu11;
				GCC_NO_COMMON_BLOCKS = YES;
				GCC_WARN_64_TO_32_BIT_CONVERSION = YES;
				GCC_WARN_ABOUT_RETURN_TYPE = YES_ERROR;
				GCC_WARN_UNDECLARED_SELECTOR = YES;
				GCC_WARN_UNINITIALIZED_AUTOS = YES_AGGRESSIVE;
				GCC_WARN_UNUSED_FUNCTION = YES;
				GCC_WARN_UNUSED_VARIABLE = YES;
				IPHONEOS_DEPLOYMENT_TARGET = 14.3;
				MTL_ENABLE_DEBUG_INFO = NO;
				MTL_FAST_MATH = YES;
				SDKROOT = iphoneos;
				SWIFT_COMPILATION_MODE = wholemodule;
				SWIFT_OPTIMIZATION_LEVEL = "-O";
				VALIDATE_PRODUCT = YES;
			};
			name = Release;
		};
		9523166225A2A966006A8100 /* Debug */ = {
			isa = XCBuildConfiguration;
			buildSettings = {
				ASSETCATALOG_COMPILER_APPICON_NAME = AppIcon;
				ASSETCATALOG_COMPILER_GLOBAL_ACCENT_COLOR_NAME = AccentColor;
				CODE_SIGN_STYLE = Automatic;
				DEVELOPMENT_ASSET_PATHS = "\"Memorize/Preview Content\"";
				DEVELOPMENT_TEAM = XBC7389QVC;
				ENABLE_PREVIEWS = YES;
				INFOPLIST_FILE = Memorize/Info.plist;
				IPHONEOS_DEPLOYMENT_TARGET = 14.0;
				LD_RUNPATH_SEARCH_PATHS = (
					"$(inherited)",
					"@executable_path/Frameworks",
				);
				PRODUCT_BUNDLE_IDENTIFIER = im.blix.Memorize;
				PRODUCT_NAME = "$(TARGET_NAME)";
				SWIFT_VERSION = 5.0;
				TARGETED_DEVICE_FAMILY = "1,2";
			};
			name = Debug;
		};
		9523166325A2A966006A8100 /* Release */ = {
			isa = XCBuildConfiguration;
			buildSettings = {
				ASSETCATALOG_COMPILER_APPICON_NAME = AppIcon;
				ASSETCATALOG_COMPILER_GLOBAL_ACCENT_COLOR_NAME = AccentColor;
				CODE_SIGN_STYLE = Automatic;
				DEVELOPMENT_ASSET_PATHS = "\"Memorize/Preview Content\"";
				DEVELOPMENT_TEAM = XBC7389QVC;
				ENABLE_PREVIEWS = YES;
				INFOPLIST_FILE = Memorize/Info.plist;
				IPHONEOS_DEPLOYMENT_TARGET = 14.0;
				LD_RUNPATH_SEARCH_PATHS = (
					"$(inherited)",
					"@executable_path/Frameworks",
				);
				PRODUCT_BUNDLE_IDENTIFIER = im.blix.Memorize;
				PRODUCT_NAME = "$(TARGET_NAME)";
				SWIFT_VERSION = 5.0;
				TARGETED_DEVICE_FAMILY = "1,2";
			};
			name = Release;
		};
		9523166525A2A966006A8100 /* Debug */ = {
			isa = XCBuildConfiguration;
			buildSettings = {
				ALWAYS_EMBED_SWIFT_STANDARD_LIBRARIES = YES;
				BUNDLE_LOADER = "$(TEST_HOST)";
				CODE_SIGN_STYLE = Automatic;
				DEVELOPMENT_TEAM = XBC7389QVC;
				INFOPLIST_FILE = MemorizeTests/Info.plist;
				IPHONEOS_DEPLOYMENT_TARGET = 14.0;
				LD_RUNPATH_SEARCH_PATHS = (
					"$(inherited)",
					"@executable_path/Frameworks",
					"@loader_path/Frameworks",
				);
				PRODUCT_BUNDLE_IDENTIFIER = im.blix.MemorizeTests;
				PRODUCT_NAME = "$(TARGET_NAME)";
				SWIFT_VERSION = 5.0;
				TARGETED_DEVICE_FAMILY = "1,2";
				TEST_HOST = "$(BUILT_PRODUCTS_DIR)/Memorize.app/Memorize";
			};
			name = Debug;
		};
		9523166625A2A966006A8100 /* Release */ = {
			isa = XCBuildConfiguration;
			buildSettings = {
				ALWAYS_EMBED_SWIFT_STANDARD_LIBRARIES = YES;
				BUNDLE_LOADER = "$(TEST_HOST)";
				CODE_SIGN_STYLE = Automatic;
				DEVELOPMENT_TEAM = XBC7389QVC;
				INFOPLIST_FILE = MemorizeTests/Info.plist;
				IPHONEOS_DEPLOYMENT_TARGET = 14.0;
				LD_RUNPATH_SEARCH_PATHS = (
					"$(inherited)",
					"@executable_path/Frameworks",
					"@loader_path/Frameworks",
				);
				PRODUCT_BUNDLE_IDENTIFIER = im.blix.MemorizeTests;
				PRODUCT_NAME = "$(TARGET_NAME)";
				SWIFT_VERSION = 5.0;
				TARGETED_DEVICE_FAMILY = "1,2";
				TEST_HOST = "$(BUILT_PRODUCTS_DIR)/Memorize.app/Memorize";
			};
			name = Release;
		};
		9523166825A2A966006A8100 /* Debug */ = {
			isa = XCBuildConfiguration;
			buildSettings = {
				ALWAYS_EMBED_SWIFT_STANDARD_LIBRARIES = YES;
				CODE_SIGN_STYLE = Automatic;
				DEVELOPMENT_TEAM = XBC7389QVC;
				INFOPLIST_FILE = MemorizeUITests/Info.plist;
				LD_RUNPATH_SEARCH_PATHS = (
					"$(inherited)",
					"@executable_path/Frameworks",
					"@loader_path/Frameworks",
				);
				PRODUCT_BUNDLE_IDENTIFIER = im.blix.MemorizeUITests;
				PRODUCT_NAME = "$(TARGET_NAME)";
				SWIFT_VERSION = 5.0;
				TARGETED_DEVICE_FAMILY = "1,2";
				TEST_TARGET_NAME = Memorize;
			};
			name = Debug;
		};
		9523166925A2A966006A8100 /* Release */ = {
			isa = XCBuildConfiguration;
			buildSettings = {
				ALWAYS_EMBED_SWIFT_STANDARD_LIBRARIES = YES;
				CODE_SIGN_STYLE = Automatic;
				DEVELOPMENT_TEAM = XBC7389QVC;
				INFOPLIST_FILE = MemorizeUITests/Info.plist;
				LD_RUNPATH_SEARCH_PATHS = (
					"$(inherited)",
					"@executable_path/Frameworks",
					"@loader_path/Frameworks",
				);
				PRODUCT_BUNDLE_IDENTIFIER = im.blix.MemorizeUITests;
				PRODUCT_NAME = "$(TARGET_NAME)";
				SWIFT_VERSION = 5.0;
				TARGETED_DEVICE_FAMILY = "1,2";
				TEST_TARGET_NAME = Memorize;
			};
			name = Release;
		};
/* End XCBuildConfiguration section */

/* Begin XCConfigurationList section */
		9523163725A2A964006A8100 /* Build configuration list for PBXProject "Memorize" */ = {
			isa = XCConfigurationList;
			buildConfigurations = (
				9523165F25A2A966006A8100 /* Debug */,
				9523166025A2A966006A8100 /* Release */,
			);
			defaultConfigurationIsVisible = 0;
			defaultConfigurationName = Release;
		};
		9523166125A2A966006A8100 /* Build configuration list for PBXNativeTarget "Memorize" */ = {
			isa = XCConfigurationList;
			buildConfigurations = (
				9523166225A2A966006A8100 /* Debug */,
				9523166325A2A966006A8100 /* Release */,
			);
			defaultConfigurationIsVisible = 0;
			defaultConfigurationName = Release;
		};
		9523166425A2A966006A8100 /* Build configuration list for PBXNativeTarget "MemorizeTests" */ = {
			isa = XCConfigurationList;
			buildConfigurations = (
				9523166525A2A966006A8100 /* Debug */,
				9523166625A2A966006A8100 /* Release */,
			);
			defaultConfigurationIsVisible = 0;
			defaultConfigurationName = Release;
		};
		9523166725A2A966006A8100 /* Build configuration list for PBXNativeTarget "MemorizeUITests" */ = {
			isa = XCConfigurationList;
			buildConfigurations = (
				9523166825A2A966006A8100 /* Debug */,
				9523166925A2A966006A8100 /* Release */,
			);
			defaultConfigurationIsVisible = 0;
			defaultConfigurationName = Release;
		};
/* End XCConfigurationList section */
	};
	rootObject = 9523163425A2A964006A8100 /* Project object */;
}
